
Microsoft Visual Studio Solution File, Format Version 12.00
# Visual Studio Version 17
VisualStudioVersion = 17.0.32126.317
MinimumVisualStudioVersion = 10.0.40219.1
Project("{FAE04EC0-301F-11D3-BF4B-00C04F79EFBC}") = "Dictionary lab1", "Dictionary lab1\Dictionary lab1.csproj", "{6CA78079-815F-43C6-86C2-AD7F62256AC5}"
EndProject
Global
	GlobalSection(SolutionConfigurationPlatforms) = preSolution
		Debug|Any CPU = Debug|Any CPU
		Release|Any CPU = Release|Any CPU
	EndGlobalSection
	GlobalSection(ProjectConfigurationPlatforms) = postSolution
		{6CA78079-815F-43C6-86C2-AD7F62256AC5}.Debug|Any CPU.ActiveCfg = Debug|Any CPU
		{6CA78079-815F-43C6-86C2-AD7F62256AC5}.Debug|Any CPU.Build.0 = Debug|Any CPU
		{6CA78079-815F-43C6-86C2-AD7F62256AC5}.Release|Any CPU.ActiveCfg = Release|Any CPU
		{6CA78079-815F-43C6-86C2-AD7F62256AC5}.Release|Any CPU.Build.0 = Release|Any CPU
	EndGlobalSection
	GlobalSection(SolutionProperties) = preSolution
		HideSolutionNode = FALSE
	EndGlobalSection
	GlobalSection(ExtensibilityGlobals) = postSolution
		SolutionGuid = {E7D6980F-ACED-4F5F-98A2-DBF380E084E1}
	EndGlobalSection
EndGlobal
